PODS:
  - Fakery (5.1.0)
  - Kingfisher (5.15.8):
    - Kingfisher/Core (= 5.15.8)
  - Kingfisher/Core (5.15.8)
  - RxCocoa (6.2.0):
    - RxRelay (= 6.2.0)
    - RxSwift (= 6.2.0)
  - RxKingfisher (2.1.0):
    - Kingfisher (~> 5)
    - RxCocoa (~> 6)
    - RxSwift (~> 6)
  - RxRelay (6.2.0):
    - RxSwift (= 6.2.0)
  - RxSwift (6.2.0)

DEPENDENCIES:
  - Fakery
  - RxCocoa
  - RxKingfisher (from `../`)

SPEC REPOS:
  trunk:
    - Fakery
    - Kingfisher
    - RxCocoa
    - RxRelay
    - RxSwift

EXTERNAL SOURCES:
  RxKingfisher:
    :path: "../"

SPEC CHECKSUMS:
  Fakery: a90caff00ca5cacde6c161c3eafc72314a03d34d
  Kingfisher: a3c03d702433fa6cfedabb2bddbe076fb8f2e902
  RxCocoa: 4baf94bb35f2c0ab31bc0cb9f1900155f646ba42
  RxKingfisher: a602fbf8751d756a7cc6190ddfedc2ce0d301377
  RxRelay: e72dbfd157807478401ef1982e1c61c945c94b2f
  RxSwift: d356ab7bee873611322f134c5f9ef379fa183d8f

PODFILE CHECKSUM: c2c6711fe7cf93b2a28df5eb886c2eb1ee88e971

COCOAPODS: 1.10.1
