PODS:
  - Fakery (3.4.0)
  - Kingfisher (4.10.0)
  - RxCocoa (4.3.1):
    - RxSwift (~> 4.0)
  - RxKingfisher (0.3.0):
    - Kingfisher (~> 4)
    - RxCocoa (~> 4.3)
    - RxSwift (~> 4.3)
  - RxSwift (4.3.1)

DEPENDENCIES:
  - Fakery
  - RxCocoa
  - RxKingfisher (from `../`)

SPEC REPOS:
  https://github.com/cocoapods/specs.git:
    - Fakery
    - Kingfisher
    - RxCocoa
    - RxSwift

EXTERNAL SOURCES:
  RxKingfisher:
    :path: "../"

SPEC CHECKSUMS:
  Fakery: 885e894a3e7c392e1da96c6e46a1abe5a0b28686
  Kingfisher: 43c4b802d8b5256cf1f4379e9cd10b329be6d3e2
  RxCocoa: 78763c7b07d02455598d9fc3c1ad091a28b73635
  RxKingfisher: dd61e5b07b40f35a947c60a3c3c1b5dc396c9bc3
  RxSwift: fe0fd770a43acdb7d0a53da411c9b892e69bb6e4

PODFILE CHECKSUM: baa62f16fcbeff154a30bfdae5da8f95110fd11b

COCOAPODS: 1.6.0.beta.1
